
Microsoft Visual Studio Solution File, Format Version 12.00
# Visual Studio Version 16
VisualStudioVersion = 16.0.30002.166
MinimumVisualStudioVersion = 10.0.40219.1
Project("{9A19103F-16F7-4668-BE54-9A1E7A4F7556}") = "Ferreteria(FBF)App", "Ferreteria(FBF)App\Ferreteria(FBF)App.csproj", "{2BF47B69-8EE0-4F24-807A-94176826CD8B}"
EndProject
Global
	GlobalSection(SolutionConfigurationPlatforms) = preSolution
		Debug|Any CPU = Debug|Any CPU
		Release|Any CPU = Release|Any CPU
	EndGlobalSection
	GlobalSection(ProjectConfigurationPlatforms) = postSolution
		{2BF47B69-8EE0-4F24-807A-94176826CD8B}.Debug|Any CPU.ActiveCfg = Debug|Any CPU
		{2BF47B69-8EE0-4F24-807A-94176826CD8B}.Debug|Any CPU.Build.0 = Debug|Any CPU
		{2BF47B69-8EE0-4F24-807A-94176826CD8B}.Release|Any CPU.ActiveCfg = Release|Any CPU
		{2BF47B69-8EE0-4F24-807A-94176826CD8B}.Release|Any CPU.Build.0 = Release|Any CPU
	EndGlobalSection
	GlobalSection(SolutionProperties) = preSolution
		HideSolutionNode = FALSE
	EndGlobalSection
	GlobalSection(ExtensibilityGlobals) = postSolution
		SolutionGuid = {0B65C6A0-3581-4308-846E-D6F3EE4102A4}
	EndGlobalSection
EndGlobal
